
Microsoft Visual Studio Solution File, Format Version 12.00
# Visual Studio Version 17
VisualStudioVersion = 17.10.35013.160
MinimumVisualStudioVersion = 10.0.40219.1
Project("{FAE04EC0-301F-11D3-BF4B-00C04F79EFBC}") = "Library-Api_Sqlite", "Library-Api_Sqlite\Library-Api_Sqlite.csproj", "{A0BF64BB-96B3-4D13-8BC0-653511CDA773}"
EndProject
Global
	GlobalSection(SolutionConfigurationPlatforms) = preSolution
		Debug|Any CPU = Debug|Any CPU
		Release|Any CPU = Release|Any CPU
	EndGlobalSection
	GlobalSection(ProjectConfigurationPlatforms) = postSolution
		{A0BF64BB-96B3-4D13-8BC0-653511CDA773}.Debug|Any CPU.ActiveCfg = Debug|Any CPU
		{A0BF64BB-96B3-4D13-8BC0-653511CDA773}.Debug|Any CPU.Build.0 = Debug|Any CPU
		{A0BF64BB-96B3-4D13-8BC0-653511CDA773}.Release|Any CPU.ActiveCfg = Release|Any CPU
		{A0BF64BB-96B3-4D13-8BC0-653511CDA773}.Release|Any CPU.Build.0 = Release|Any CPU
	EndGlobalSection
	GlobalSection(SolutionProperties) = preSolution
		HideSolutionNode = FALSE
	EndGlobalSection
	GlobalSection(ExtensibilityGlobals) = postSolution
		SolutionGuid = {2CCC32C9-8415-4665-BD08-B18E28530855}
	EndGlobalSection
EndGlobal
